// !$*UTF8*$!
{
	archiveVersion = 1;
	classes = {
	};
	objectVersion = 46;
	objects = {

/* Begin PBXBuildFile section */
		EA4940661DE0B80700A2FC4A /* main.cpp in Sources */ = {isa = PBXBuildFile; fileRef = EA4940651DE0B80700A2FC4A /* main.cpp */; };
		EA49406D1DE0B85200A2FC4A /* parsing.cpp in Sources */ = {isa = PBXBuildFile; fileRef = EA49406C1DE0B85200A2FC4A /* parsing.cpp */; };
		EA4940711DE0BA1A00A2FC4A /* slr.cpp in Sources */ = {isa = PBXBuildFile; fileRef = EA49406F1DE0BA1A00A2FC4A /* slr.cpp */; };
		EAB0D4B31DF33A3100953A4C /* OpenGL.framework in Frameworks */ = {isa = PBXBuildFile; fileRef = EAA4CDC01DF0B06700E481E8 /* OpenGL.framework */; };
		EAB0D4B41DF33A3500953A4C /* GLUT.framework in Frameworks */ = {isa = PBXBuildFile; fileRef = EAA4CDC21DF0B06D00E481E8 /* GLUT.framework */; };
/* End PBXBuildFile section */

/* Begin PBXCopyFilesBuildPhase section */
		EA4940601DE0B80600A2FC4A /* CopyFiles */ = {
			isa = PBXCopyFilesBuildPhase;
			buildActionMask = 2147483647;
			dstPath = /usr/share/man/man1/;
			dstSubfolderSpec = 0;
			files = (
			);
			runOnlyForDeploymentPostprocessing = 1;
		};
/* End PBXCopyFilesBuildPhase section */

/* Begin PBXFileReference section */
		EA4940621DE0B80700A2FC4A /* slr */ = {isa = PBXFileReference; explicitFileType = "compiled.mach-o.executable"; includeInIndex = 0; path = slr; sourceTree = BUILT_PRODUCTS_DIR; };
		EA4940651DE0B80700A2FC4A /* main.cpp */ = {isa = PBXFileReference; lastKnownFileType = sourcecode.cpp.cpp; path = main.cpp; sourceTree = "<group>"; };
		EA49406C1DE0B85200A2FC4A /* parsing.cpp */ = {isa = PBXFileReference; fileEncoding = 4; lastKnownFileType = sourcecode.cpp.cpp; path = parsing.cpp; sourceTree = "<group>"; };
		EA49406E1DE0B86000A2FC4A /* parsing.h */ = {isa = PBXFileReference; lastKnownFileType = sourcecode.c.h; path = parsing.h; sourceTree = "<group>"; };
		EA49406F1DE0BA1A00A2FC4A /* slr.cpp */ = {isa = PBXFileReference; fileEncoding = 4; lastKnownFileType = sourcecode.cpp.cpp; path = slr.cpp; sourceTree = "<group>"; };
		EA4940701DE0BA1A00A2FC4A /* slr.h */ = {isa = PBXFileReference; fileEncoding = 4; lastKnownFileType = sourcecode.c.h; path = slr.h; sourceTree = "<group>"; };
		EAA4CDC01DF0B06700E481E8 /* OpenGL.framework */ = {isa = PBXFileReference; lastKnownFileType = wrapper.framework; name = OpenGL.framework; path = System/Library/Frameworks/OpenGL.framework; sourceTree = SDKROOT; };
		EAA4CDC21DF0B06D00E481E8 /* GLUT.framework */ = {isa = PBXFileReference; lastKnownFileType = wrapper.framework; name = GLUT.framework; path = System/Library/Frameworks/GLUT.framework; sourceTree = SDKROOT; };
/* End PBXFileReference section */

/* Begin PBXFrameworksBuildPhase section */
		EA49405F1DE0B80600A2FC4A /* Frameworks */ = {
			isa = PBXFrameworksBuildPhase;
			buildActionMask = 2147483647;
			files = (
				EAB0D4B41DF33A3500953A4C /* GLUT.framework in Frameworks */,
				EAB0D4B31DF33A3100953A4C /* OpenGL.framework in Frameworks */,
			);
			runOnlyForDeploymentPostprocessing = 0;
		};
/* End PBXFrameworksBuildPhase section */

/* Begin PBXGroup section */
		EA4940591DE0B80600A2FC4A = {
			isa = PBXGroup;
			children = (
				EA4940641DE0B80700A2FC4A /* slr */,
				EA4940631DE0B80700A2FC4A /* Products */,
				EAA4CDBF1DF0B06700E481E8 /* Frameworks */,
			);
			sourceTree = "<group>";
		};
		EA4940631DE0B80700A2FC4A /* Products */ = {
			isa = PBXGroup;
			children = (
				EA4940621DE0B80700A2FC4A /* slr */,
			);
			name = Products;
			sourceTree = "<group>";
		};
		EA4940641DE0B80700A2FC4A /* slr */ = {
			isa = PBXGroup;
			children = (
				EA4940651DE0B80700A2FC4A /* main.cpp */,
				EA49406F1DE0BA1A00A2FC4A /* slr.cpp */,
				EA4940701DE0BA1A00A2FC4A /* slr.h */,
				EA49406C1DE0B85200A2FC4A /* parsing.cpp */,
				EA49406E1DE0B86000A2FC4A /* parsing.h */,
			);
			path = slr;
			sourceTree = "<group>";
		};
		EAA4CDBF1DF0B06700E481E8 /* Frameworks */ = {
			isa = PBXGroup;
			children = (
				EAA4CDC21DF0B06D00E481E8 /* GLUT.framework */,
				EAA4CDC01DF0B06700E481E8 /* OpenGL.framework */,
			);
			name = Frameworks;
			sourceTree = "<group>";
		};
/* End PBXGroup section */

/* Begin PBXNativeTarget section */
		EA4940611DE0B80600A2FC4A /* slr */ = {
			isa = PBXNativeTarget;
			buildConfigurationList = EA4940691DE0B80700A2FC4A /* Build configuration list for PBXNativeTarget "slr" */;
			buildPhases = (
				EA49405E1DE0B80600A2FC4A /* Sources */,
				EA49405F1DE0B80600A2FC4A /* Frameworks */,
				EA4940601DE0B80600A2FC4A /* CopyFiles */,
			);
			buildRules = (
			);
			dependencies = (
			);
			name = slr;
			productName = slr;
			productReference = EA4940621DE0B80700A2FC4A /* slr */;
			productType = "com.apple.product-type.tool";
		};
/* End PBXNativeTarget section */

/* Begin PBXProject section */
		EA49405A1DE0B80600A2FC4A /* Project object */ = {
			isa = PBXProject;
			attributes = {
				LastUpgradeCheck = 0820;
				ORGANIZATIONNAME = gis.coryalini;
				TargetAttributes = {
					EA4940611DE0B80600A2FC4A = {
						CreatedOnToolsVersion = 8.1;
						ProvisioningStyle = Automatic;
					};
				};
			};
			buildConfigurationList = EA49405D1DE0B80600A2FC4A /* Build configuration list for PBXProject "slr" */;
			compatibilityVersion = "Xcode 3.2";
			developmentRegion = English;
			hasScannedForEncodings = 0;
			knownRegions = (
				en,
			);
			mainGroup = EA4940591DE0B80600A2FC4A;
			productRefGroup = EA4940631DE0B80700A2FC4A /* Products */;
			projectDirPath = "";
			projectRoot = "";
			targets = (
				EA4940611DE0B80600A2FC4A /* slr */,
			);
		};
/* End PBXProject section */

/* Begin PBXSourcesBuildPhase section */
		EA49405E1DE0B80600A2FC4A /* Sources */ = {
			isa = PBXSourcesBuildPhase;
			buildActionMask = 2147483647;
			files = (
				EA4940661DE0B80700A2FC4A /* main.cpp in Sources */,
				EA4940711DE0BA1A00A2FC4A /* slr.cpp in Sources */,
				EA49406D1DE0B85200A2FC4A /* parsing.cpp in Sources */,
			);
			runOnlyForDeploymentPostprocessing = 0;
		};
/* End PBXSourcesBuildPhase section */

/* Begin XCBuildConfiguration section */
		EA4940671DE0B80700A2FC4A /* Debug */ = {
			isa = XCBuildConfiguration;
			buildSettings = {
				ALWAYS_SEARCH_USER_PATHS = NO;
				CLANG_ANALYZER_NONNULL = YES;
				CLANG_CXX_LANGUAGE_STANDARD = "gnu++0x";
				CLANG_CXX_LIBRARY = "libc++";
				CLANG_ENABLE_MODULES = YES;
				CLANG_ENABLE_OBJC_ARC = YES;
				CLANG_WARN_BOOL_CONVERSION = YES;
				CLANG_WARN_CONSTANT_CONVERSION = YES;
				CLANG_WARN_DIRECT_OBJC_ISA_USAGE = YES_ERROR;
				CLANG_WARN_DOCUMENTATION_COMMENTS = YES;
				CLANG_WARN_EMPTY_BODY = YES;
				CLANG_WARN_ENUM_CONVERSION = YES;
				CLANG_WARN_INFINITE_RECURSION = YES;
				CLANG_WARN_INT_CONVERSION = YES;
				CLANG_WARN_OBJC_ROOT_CLASS = YES_ERROR;
				CLANG_WARN_SUSPICIOUS_MOVE = YES;
				CLANG_WARN_SUSPICIOUS_MOVES = YES;
				CLANG_WARN_UNREACHABLE_CODE = YES;
				CLANG_WARN__DUPLICATE_METHOD_MATCH = YES;
				CODE_SIGN_IDENTITY = "-";
				COPY_PHASE_STRIP = NO;
				DEBUG_INFORMATION_FORMAT = dwarf;
				ENABLE_STRICT_OBJC_MSGSEND = YES;
				ENABLE_TESTABILITY = YES;
				GCC_C_LANGUAGE_STANDARD = gnu99;
				GCC_DYNAMIC_NO_PIC = NO;
				GCC_NO_COMMON_BLOCKS = YES;
				GCC_OPTIMIZATION_LEVEL = 0;
				GCC_PREPROCESSOR_DEFINITIONS = (
					"DEBUG=1",
					"$(inherited)",
				);
				GCC_WARN_64_TO_32_BIT_CONVERSION = YES;
				GCC_WARN_ABOUT_RETURN_TYPE = YES_ERROR;
				GCC_WARN_UNDECLARED_SELECTOR = YES;
				GCC_WARN_UNINITIALIZED_AUTOS = YES_AGGRESSIVE;
				GCC_WARN_UNUSED_FUNCTION = YES;
				GCC_WARN_UNUSED_VARIABLE = YES;
				MACOSX_DEPLOYMENT_TARGET = 10.12;
				MTL_ENABLE_DEBUG_INFO = YES;
				ONLY_ACTIVE_ARCH = YES;
				SDKROOT = macosx;
			};
			name = Debug;
		};
		EA4940681DE0B80700A2FC4A /* Release */ = {
			isa = XCBuildConfiguration;
			buildSettings = {
				ALWAYS_SEARCH_USER_PATHS = NO;
				CLANG_ANALYZER_NONNULL = YES;
				CLANG_CXX_LANGUAGE_STANDARD = "gnu++0x";
				CLANG_CXX_LIBRARY = "libc++";
				CLANG_ENABLE_MODULES = YES;
				CLANG_ENABLE_OBJC_ARC = YES;
				CLANG_WARN_BOOL_CONVERSION = YES;
				CLANG_WARN_CONSTANT_CONVERSION = YES;
				CLANG_WARN_DIRECT_OBJC_ISA_USAGE = YES_ERROR;
				CLANG_WARN_DOCUMENTATION_COMMENTS = YES;
				CLANG_WARN_EMPTY_BODY = YES;
				CLANG_WARN_ENUM_CONVERSION = YES;
				CLANG_WARN_INFINITE_RECURSION = YES;
				CLANG_WARN_INT_CONVERSION = YES;
				CLANG_WARN_OBJC_ROOT_CLASS = YES_ERROR;
				CLANG_WARN_SUSPICIOUS_MOVE = YES;
				CLANG_WARN_SUSPICIOUS_MOVES = YES;
				CLANG_WARN_UNREACHABLE_CODE = YES;
				CLANG_WARN__DUPLICATE_METHOD_MATCH = YES;
				CODE_SIGN_IDENTITY = "-";
				COPY_PHASE_STRIP = NO;
				DEBUG_INFORMATION_FORMAT = "dwarf-with-dsym";
				ENABLE_NS_ASSERTIONS = NO;
				ENABLE_STRICT_OBJC_MSGSEND = YES;
				GCC_C_LANGUAGE_STANDARD = gnu99;
				GCC_NO_COMMON_BLOCKS = YES;
				GCC_WARN_64_TO_32_BIT_CONVERSION = YES;
				GCC_WARN_ABOUT_RETURN_TYPE = YES_ERROR;
				GCC_WARN_UNDECLARED_SELECTOR = YES;
				GCC_WARN_UNINITIALIZED_AUTOS = YES_AGGRESSIVE;
				GCC_WARN_UNUSED_FUNCTION = YES;
				GCC_WARN_UNUSED_VARIABLE = YES;
				MACOSX_DEPLOYMENT_TARGET = 10.12;
				MTL_ENABLE_DEBUG_INFO = NO;
				SDKROOT = macosx;
			};
			name = Release;
		};
		EA49406A1DE0B80700A2FC4A /* Debug */ = {
			isa = XCBuildConfiguration;
			buildSettings = {
				PRODUCT_NAME = "$(TARGET_NAME)";
			};
			name = Debug;
		};
		EA49406B1DE0B80700A2FC4A /* Release */ = {
			isa = XCBuildConfiguration;
			buildSettings = {
				PRODUCT_NAME = "$(TARGET_NAME)";
			};
			name = Release;
		};
/* End XCBuildConfiguration section */

/* Begin XCConfigurationList section */
		EA49405D1DE0B80600A2FC4A /* Build configuration list for PBXProject "slr" */ = {
			isa = XCConfigurationList;
			buildConfigurations = (
				EA4940671DE0B80700A2FC4A /* Debug */,
				EA4940681DE0B80700A2FC4A /* Release */,
			);
			defaultConfigurationIsVisible = 0;
			defaultConfigurationName = Release;
		};
		EA4940691DE0B80700A2FC4A /* Build configuration list for PBXNativeTarget "slr" */ = {
			isa = XCConfigurationList;
			buildConfigurations = (
				EA49406A1DE0B80700A2FC4A /* Debug */,
				EA49406B1DE0B80700A2FC4A /* Release */,
			);
			defaultConfigurationIsVisible = 0;
			defaultConfigurationName = Release;
		};
/* End XCConfigurationList section */
	};
	rootObject = EA49405A1DE0B80600A2FC4A /* Project object */;
}
