// !$*UTF8*$!
{
	archiveVersion = 1;
	classes = {
	};
	objectVersion = 46;
	objects = {

/* Begin PBXBuildFile section */
		EA19F76C1F01697D009D4D41 /* main.cpp in Sources */ = {isa = PBXBuildFile; fileRef = EA19F76B1F01697D009D4D41 /* main.cpp */; };
		EA19F7741F0169DA009D4D41 /* bfe.cpp in Sources */ = {isa = PBXBuildFile; fileRef = EA19F7721F0169DA009D4D41 /* bfe.cpp */; };
		EA19F77A1F016A8F009D4D41 /* OpenGL.framework in Frameworks */ = {isa = PBXBuildFile; fileRef = EA19F7791F016A8F009D4D41 /* OpenGL.framework */; };
		EA19F77C1F016A95009D4D41 /* GLUT.framework in Frameworks */ = {isa = PBXBuildFile; fileRef = EA19F77B1F016A95009D4D41 /* GLUT.framework */; };
		EA90A0F81F0199960052E94B /* drawing.cpp in Sources */ = {isa = PBXBuildFile; fileRef = EA90A0F41F0199960052E94B /* drawing.cpp */; };
/* End PBXBuildFile section */

/* Begin PBXCopyFilesBuildPhase section */
		EA19F7661F01697D009D4D41 /* CopyFiles */ = {
			isa = PBXCopyFilesBuildPhase;
			buildActionMask = 2147483647;
			dstPath = /usr/share/man/man1/;
			dstSubfolderSpec = 0;
			files = (
			);
			runOnlyForDeploymentPostprocessing = 1;
		};
/* End PBXCopyFilesBuildPhase section */

/* Begin PBXFileReference section */
		EA19F7681F01697D009D4D41 /* interpolate_grid */ = {isa = PBXFileReference; explicitFileType = "compiled.mach-o.executable"; includeInIndex = 0; path = interpolate_grid; sourceTree = BUILT_PRODUCTS_DIR; };
		EA19F76B1F01697D009D4D41 /* main.cpp */ = {isa = PBXFileReference; lastKnownFileType = sourcecode.cpp.cpp; path = main.cpp; sourceTree = "<group>"; };
		EA19F7721F0169DA009D4D41 /* bfe.cpp */ = {isa = PBXFileReference; fileEncoding = 4; lastKnownFileType = sourcecode.cpp.cpp; path = bfe.cpp; sourceTree = "<group>"; };
		EA19F7731F0169DA009D4D41 /* bfe.hpp */ = {isa = PBXFileReference; fileEncoding = 4; lastKnownFileType = sourcecode.cpp.h; path = bfe.hpp; sourceTree = "<group>"; };
		EA19F7791F016A8F009D4D41 /* OpenGL.framework */ = {isa = PBXFileReference; lastKnownFileType = wrapper.framework; name = OpenGL.framework; path = System/Library/Frameworks/OpenGL.framework; sourceTree = SDKROOT; };
		EA19F77B1F016A95009D4D41 /* GLUT.framework */ = {isa = PBXFileReference; lastKnownFileType = wrapper.framework; name = GLUT.framework; path = System/Library/Frameworks/GLUT.framework; sourceTree = SDKROOT; };
		EA90A0F41F0199960052E94B /* drawing.cpp */ = {isa = PBXFileReference; fileEncoding = 4; lastKnownFileType = sourcecode.cpp.cpp; path = drawing.cpp; sourceTree = "<group>"; };
		EA90A0F51F0199960052E94B /* drawing.hpp */ = {isa = PBXFileReference; fileEncoding = 4; lastKnownFileType = sourcecode.cpp.h; path = drawing.hpp; sourceTree = "<group>"; };
/* End PBXFileReference section */

/* Begin PBXFrameworksBuildPhase section */
		EA19F7651F01697D009D4D41 /* Frameworks */ = {
			isa = PBXFrameworksBuildPhase;
			buildActionMask = 2147483647;
			files = (
				EA19F77C1F016A95009D4D41 /* GLUT.framework in Frameworks */,
				EA19F77A1F016A8F009D4D41 /* OpenGL.framework in Frameworks */,
			);
			runOnlyForDeploymentPostprocessing = 0;
		};
/* End PBXFrameworksBuildPhase section */

/* Begin PBXGroup section */
		EA19F75F1F01697D009D4D41 = {
			isa = PBXGroup;
			children = (
				EA19F76A1F01697D009D4D41 /* interpolate_grid */,
				EA19F7691F01697D009D4D41 /* Products */,
				EA19F7781F016A8F009D4D41 /* Frameworks */,
			);
			sourceTree = "<group>";
		};
		EA19F7691F01697D009D4D41 /* Products */ = {
			isa = PBXGroup;
			children = (
				EA19F7681F01697D009D4D41 /* interpolate_grid */,
			);
			name = Products;
			sourceTree = "<group>";
		};
		EA19F76A1F01697D009D4D41 /* interpolate_grid */ = {
			isa = PBXGroup;
			children = (
				EA19F76B1F01697D009D4D41 /* main.cpp */,
				EA19F7721F0169DA009D4D41 /* bfe.cpp */,
				EA19F7731F0169DA009D4D41 /* bfe.hpp */,
				EA90A0F41F0199960052E94B /* drawing.cpp */,
				EA90A0F51F0199960052E94B /* drawing.hpp */,
			);
			path = interpolate_grid;
			sourceTree = "<group>";
		};
		EA19F7781F016A8F009D4D41 /* Frameworks */ = {
			isa = PBXGroup;
			children = (
				EA19F77B1F016A95009D4D41 /* GLUT.framework */,
				EA19F7791F016A8F009D4D41 /* OpenGL.framework */,
			);
			name = Frameworks;
			sourceTree = "<group>";
		};
/* End PBXGroup section */

/* Begin PBXNativeTarget section */
		EA19F7671F01697D009D4D41 /* interpolate_grid */ = {
			isa = PBXNativeTarget;
			buildConfigurationList = EA19F76F1F01697D009D4D41 /* Build configuration list for PBXNativeTarget "interpolate_grid" */;
			buildPhases = (
				EA19F7641F01697D009D4D41 /* Sources */,
				EA19F7651F01697D009D4D41 /* Frameworks */,
				EA19F7661F01697D009D4D41 /* CopyFiles */,
			);
			buildRules = (
			);
			dependencies = (
			);
			name = interpolate_grid;
			productName = interpolate_grid;
			productReference = EA19F7681F01697D009D4D41 /* interpolate_grid */;
			productType = "com.apple.product-type.tool";
		};
/* End PBXNativeTarget section */

/* Begin PBXProject section */
		EA19F7601F01697D009D4D41 /* Project object */ = {
			isa = PBXProject;
			attributes = {
				LastUpgradeCheck = 0830;
				ORGANIZATIONNAME = slr_bfe.coryalini;
				TargetAttributes = {
					EA19F7671F01697D009D4D41 = {
						CreatedOnToolsVersion = 8.3.3;
						ProvisioningStyle = Automatic;
					};
				};
			};
			buildConfigurationList = EA19F7631F01697D009D4D41 /* Build configuration list for PBXProject "interpolate_grid" */;
			compatibilityVersion = "Xcode 3.2";
			developmentRegion = English;
			hasScannedForEncodings = 0;
			knownRegions = (
				en,
			);
			mainGroup = EA19F75F1F01697D009D4D41;
			productRefGroup = EA19F7691F01697D009D4D41 /* Products */;
			projectDirPath = "";
			projectRoot = "";
			targets = (
				EA19F7671F01697D009D4D41 /* interpolate_grid */,
			);
		};
/* End PBXProject section */

/* Begin PBXSourcesBuildPhase section */
		EA19F7641F01697D009D4D41 /* Sources */ = {
			isa = PBXSourcesBuildPhase;
			buildActionMask = 2147483647;
			files = (
				EA19F76C1F01697D009D4D41 /* main.cpp in Sources */,
				EA90A0F81F0199960052E94B /* drawing.cpp in Sources */,
				EA19F7741F0169DA009D4D41 /* bfe.cpp in Sources */,
			);
			runOnlyForDeploymentPostprocessing = 0;
		};
/* End PBXSourcesBuildPhase section */

/* Begin XCBuildConfiguration section */
		EA19F76D1F01697D009D4D41 /* Debug */ = {
			isa = XCBuildConfiguration;
			buildSettings = {
				ALWAYS_SEARCH_USER_PATHS = NO;
				CLANG_ANALYZER_NONNULL = YES;
				CLANG_ANALYZER_NUMBER_OBJECT_CONVERSION = YES_AGGRESSIVE;
				CLANG_CXX_LANGUAGE_STANDARD = "gnu++0x";
				CLANG_CXX_LIBRARY = "libc++";
				CLANG_ENABLE_MODULES = YES;
				CLANG_ENABLE_OBJC_ARC = YES;
				CLANG_WARN_BOOL_CONVERSION = YES;
				CLANG_WARN_CONSTANT_CONVERSION = YES;
				CLANG_WARN_DIRECT_OBJC_ISA_USAGE = YES_ERROR;
				CLANG_WARN_DOCUMENTATION_COMMENTS = YES;
				CLANG_WARN_EMPTY_BODY = YES;
				CLANG_WARN_ENUM_CONVERSION = YES;
				CLANG_WARN_INFINITE_RECURSION = YES;
				CLANG_WARN_INT_CONVERSION = YES;
				CLANG_WARN_OBJC_ROOT_CLASS = YES_ERROR;
				CLANG_WARN_SUSPICIOUS_MOVE = YES;
				CLANG_WARN_UNREACHABLE_CODE = YES;
				CLANG_WARN__DUPLICATE_METHOD_MATCH = YES;
				CODE_SIGN_IDENTITY = "-";
				COPY_PHASE_STRIP = NO;
				DEBUG_INFORMATION_FORMAT = dwarf;
				ENABLE_STRICT_OBJC_MSGSEND = YES;
				ENABLE_TESTABILITY = YES;
				GCC_C_LANGUAGE_STANDARD = gnu99;
				GCC_DYNAMIC_NO_PIC = NO;
				GCC_NO_COMMON_BLOCKS = YES;
				GCC_OPTIMIZATION_LEVEL = 0;
				GCC_PREPROCESSOR_DEFINITIONS = (
					"DEBUG=1",
					"$(inherited)",
				);
				GCC_WARN_64_TO_32_BIT_CONVERSION = YES;
				GCC_WARN_ABOUT_RETURN_TYPE = YES_ERROR;
				GCC_WARN_UNDECLARED_SELECTOR = YES;
				GCC_WARN_UNINITIALIZED_AUTOS = YES_AGGRESSIVE;
				GCC_WARN_UNUSED_FUNCTION = YES;
				GCC_WARN_UNUSED_VARIABLE = YES;
				MACOSX_DEPLOYMENT_TARGET = 10.12;
				MTL_ENABLE_DEBUG_INFO = YES;
				ONLY_ACTIVE_ARCH = YES;
				SDKROOT = macosx;
			};
			name = Debug;
		};
		EA19F76E1F01697D009D4D41 /* Release */ = {
			isa = XCBuildConfiguration;
			buildSettings = {
				ALWAYS_SEARCH_USER_PATHS = NO;
				CLANG_ANALYZER_NONNULL = YES;
				CLANG_ANALYZER_NUMBER_OBJECT_CONVERSION = YES_AGGRESSIVE;
				CLANG_CXX_LANGUAGE_STANDARD = "gnu++0x";
				CLANG_CXX_LIBRARY = "libc++";
				CLANG_ENABLE_MODULES = YES;
				CLANG_ENABLE_OBJC_ARC = YES;
				CLANG_WARN_BOOL_CONVERSION = YES;
				CLANG_WARN_CONSTANT_CONVERSION = YES;
				CLANG_WARN_DIRECT_OBJC_ISA_USAGE = YES_ERROR;
				CLANG_WARN_DOCUMENTATION_COMMENTS = YES;
				CLANG_WARN_EMPTY_BODY = YES;
				CLANG_WARN_ENUM_CONVERSION = YES;
				CLANG_WARN_INFINITE_RECURSION = YES;
				CLANG_WARN_INT_CONVERSION = YES;
				CLANG_WARN_OBJC_ROOT_CLASS = YES_ERROR;
				CLANG_WARN_SUSPICIOUS_MOVE = YES;
				CLANG_WARN_UNREACHABLE_CODE = YES;
				CLANG_WARN__DUPLICATE_METHOD_MATCH = YES;
				CODE_SIGN_IDENTITY = "-";
				COPY_PHASE_STRIP = NO;
				DEBUG_INFORMATION_FORMAT = "dwarf-with-dsym";
				ENABLE_NS_ASSERTIONS = NO;
				ENABLE_STRICT_OBJC_MSGSEND = YES;
				GCC_C_LANGUAGE_STANDARD = gnu99;
				GCC_NO_COMMON_BLOCKS = YES;
				GCC_WARN_64_TO_32_BIT_CONVERSION = YES;
				GCC_WARN_ABOUT_RETURN_TYPE = YES_ERROR;
				GCC_WARN_UNDECLARED_SELECTOR = YES;
				GCC_WARN_UNINITIALIZED_AUTOS = YES_AGGRESSIVE;
				GCC_WARN_UNUSED_FUNCTION = YES;
				GCC_WARN_UNUSED_VARIABLE = YES;
				MACOSX_DEPLOYMENT_TARGET = 10.12;
				MTL_ENABLE_DEBUG_INFO = NO;
				SDKROOT = macosx;
			};
			name = Release;
		};
		EA19F7701F01697D009D4D41 /* Debug */ = {
			isa = XCBuildConfiguration;
			buildSettings = {
				PRODUCT_NAME = "$(TARGET_NAME)";
			};
			name = Debug;
		};
		EA19F7711F01697D009D4D41 /* Release */ = {
			isa = XCBuildConfiguration;
			buildSettings = {
				PRODUCT_NAME = "$(TARGET_NAME)";
			};
			name = Release;
		};
/* End XCBuildConfiguration section */

/* Begin XCConfigurationList section */
		EA19F7631F01697D009D4D41 /* Build configuration list for PBXProject "interpolate_grid" */ = {
			isa = XCConfigurationList;
			buildConfigurations = (
				EA19F76D1F01697D009D4D41 /* Debug */,
				EA19F76E1F01697D009D4D41 /* Release */,
			);
			defaultConfigurationIsVisible = 0;
			defaultConfigurationName = Release;
		};
		EA19F76F1F01697D009D4D41 /* Build configuration list for PBXNativeTarget "interpolate_grid" */ = {
			isa = XCConfigurationList;
			buildConfigurations = (
				EA19F7701F01697D009D4D41 /* Debug */,
				EA19F7711F01697D009D4D41 /* Release */,
			);
			defaultConfigurationIsVisible = 0;
			defaultConfigurationName = Release;
		};
/* End XCConfigurationList section */
	};
	rootObject = EA19F7601F01697D009D4D41 /* Project object */;
}
